
Microsoft Visual Studio Solution File, Format Version 12.00
# Visual Studio Version 17
VisualStudioVersion = 17.4.33110.190
MinimumVisualStudioVersion = 10.0.40219.1
Project("{FAE04EC0-301F-11D3-BF4B-00C04F79EFBC}") = "Invitify", "Invitify\Invitify.csproj", "{1AA9442E-38C2-4FEF-8C1C-B7CF7FDAF487}"
EndProject
Global
	GlobalSection(SolutionConfigurationPlatforms) = preSolution
		Debug|Any CPU = Debug|Any CPU
		Release|Any CPU = Release|Any CPU
	EndGlobalSection
	GlobalSection(ProjectConfigurationPlatforms) = postSolution
		{1AA9442E-38C2-4FEF-8C1C-B7CF7FDAF487}.Debug|Any CPU.ActiveCfg = Debug|Any CPU
		{1AA9442E-38C2-4FEF-8C1C-B7CF7FDAF487}.Debug|Any CPU.Build.0 = Debug|Any CPU
		{1AA9442E-38C2-4FEF-8C1C-B7CF7FDAF487}.Release|Any CPU.ActiveCfg = Release|Any CPU
		{1AA9442E-38C2-4FEF-8C1C-B7CF7FDAF487}.Release|Any CPU.Build.0 = Release|Any CPU
	EndGlobalSection
	GlobalSection(SolutionProperties) = preSolution
		HideSolutionNode = FALSE
	EndGlobalSection
	GlobalSection(ExtensibilityGlobals) = postSolution
		SolutionGuid = {D0517DCB-20F5-4308-B627-46F6D0A1275F}
	EndGlobalSection
EndGlobal
